{
  "name": "taskmark-taskmark",
  "version": "1.2.0",
  "lockfileVersion": 3,
  "requires": true,
  "packages": {
    "": {
      "name": "taskmark-taskmark",
      "version": "1.2.0",
      "dependencies": {
        "@taskmark/ui": "1.2.0"
      },
      "engines": {
        "node": "22.x || 24.x"
      }
    }
  }
}
