{
  "name": "taskmark-taskmark",
  "lockfileVersion": 3,
  "requires": true,
  "packages": {
    "": {
      "name": "taskmark-taskmark",
      "dependencies": {
        "@taskmark/ui": "^0.1.0"
      },
      "engines": {
        "node": ">=18"
      }
    },
    "node_modules/@taskmark/ui": {
      "version": "0.1.0",
      "resolved": "https://registry.npmjs.org/@taskmark/ui/-/ui-0.1.0.tgz",
      "integrity": "sha512-qbc+Exgd29V5Bx1VUNZcHggA7cRLNBUVmPaUeEndwRn3tT/p7IxIWOOrOSWhvZ3E4YvJtoSefcgH7XdetdZfog==",
      "bin": {
        "taskmark": "bin/taskmark.js"
      },
      "engines": {
        "node": ">=18"
      }
    }
  }
}
